{
  "version": 4,
  "terraform_version": "1.8.5",
  "serial": 1,
  "lineage": "4f0712e0-66ca-9175-b837-c5734ee9fb22",
  "outputs": {},
  "resources": [
    {
      "mode": "data",
      "type": "google_compute_subnetwork",
      "name": "test",
      "provider": "provider[\"registry.terraform.io/hashicorp/google\"]",
      "instances": [
        {
          "schema_version": 0,
          "attributes": {
            "description": "",
            "gateway_address": "10.142.0.1",
            "id": "projects/terraform-426416/regions/us-east1/subnetworks/default",
            "internal_ipv6_prefix": "",
            "ip_cidr_range": "10.142.0.0/20",
            "name": "default",
            "network": "https://www.googleapis.com/compute/v1/projects/terraform-426416/global/networks/default",
            "private_ip_google_access": false,
            "project": "terraform-426416",
            "region": "us-east1",
            "secondary_ip_range": [],
            "self_link": "https://www.googleapis.com/compute/v1/projects/terraform-426416/regions/us-east1/subnetworks/default"
          },
          "sensitive_attributes": []
        }
      ]
    },
    {
      "module": "module.test_instance",
      "mode": "data",
      "type": "google_dns_managed_zone",
      "name": "dns_zone",
      "provider": "provider[\"registry.terraform.io/hashicorp/google\"]",
      "instances": []
    },
    {
      "module": "module.test_instance",
      "mode": "managed",
      "type": "google_compute_address",
      "name": "external_ip",
      "provider": "provider[\"registry.terraform.io/hashicorp/google\"]",
      "instances": [
        {
          "schema_version": 0,
          "attributes": {
            "address": "35.227.25.129",
            "address_type": "EXTERNAL",
            "creation_timestamp": "2024-06-15T02:15:20.897-07:00",
            "description": "External IP for test ec2",
            "effective_labels": {},
            "id": "projects/terraform-426416/regions/us-east1/addresses/test-network-ip",
            "ip_version": "",
            "ipv6_endpoint_type": "",
            "label_fingerprint": "42WmSpB8rSM=",
            "labels": null,
            "name": "test-network-ip",
            "network": "",
            "network_tier": "PREMIUM",
            "prefix_length": 0,
            "project": "terraform-426416",
            "purpose": "",
            "region": "us-east1",
            "self_link": "https://www.googleapis.com/compute/v1/projects/terraform-426416/regions/us-east1/addresses/test-network-ip",
            "subnetwork": "",
            "terraform_labels": {},
            "timeouts": null,
            "users": []
          },
          "sensitive_attributes": [],
          "private": "eyJlMmJmYjczMC1lY2FhLTExZTYtOGY4OC0zNDM2M2JjN2M0YzAiOnsiY3JlYXRlIjoxMjAwMDAwMDAwMDAwLCJkZWxldGUiOjEyMDAwMDAwMDAwMDAsInVwZGF0ZSI6MTIwMDAwMDAwMDAwMH19"
        }
      ]
    }
  ],
  "check_results": null
}
